
Microsoft Visual Studio Solution File, Format Version 12.00
# Visual Studio Version 17
VisualStudioVersion = 17.12.35707.178 d17.12
MinimumVisualStudioVersion = 10.0.40219.1
Project("{FAE04EC0-301F-11D3-BF4B-00C04F79EFBC}") = "TruthOrDrinkApp", "TruthOrDrinkApp\TruthOrDrinkApp.csproj", "{7F17BACD-132B-4B92-AECC-243876D1784C}"
EndProject
Global
	GlobalSection(SolutionConfigurationPlatforms) = preSolution
		Debug|Any CPU = Debug|Any CPU
		Release|Any CPU = Release|Any CPU
	EndGlobalSection
	GlobalSection(ProjectConfigurationPlatforms) = postSolution
		{7F17BACD-132B-4B92-AECC-243876D1784C}.Debug|Any CPU.ActiveCfg = Debug|Any CPU
		{7F17BACD-132B-4B92-AECC-243876D1784C}.Debug|Any CPU.Build.0 = Debug|Any CPU
		{7F17BACD-132B-4B92-AECC-243876D1784C}.Release|Any CPU.ActiveCfg = Release|Any CPU
		{7F17BACD-132B-4B92-AECC-243876D1784C}.Release|Any CPU.Build.0 = Release|Any CPU
	EndGlobalSection
	GlobalSection(SolutionProperties) = preSolution
		HideSolutionNode = FALSE
	EndGlobalSection
EndGlobal
